
Microsoft Visual Studio Solution File, Format Version 12.00
# Visual Studio Version 16
VisualStudioVersion = 16.0.30907.101
MinimumVisualStudioVersion = 10.0.40219.1
Project("{8BC9CEB8-8B4A-11D0-8D11-00A0C91BC942}") = "Day4_read_pcap", "Day4_read_pcap.vcxproj", "{315B042E-1D13-499F-A5A7-3FFE20C0BF2A}"
EndProject
Global
	GlobalSection(SolutionConfigurationPlatforms) = preSolution
		Debug|x64 = Debug|x64
		Debug|x86 = Debug|x86
		Release|x64 = Release|x64
		Release|x86 = Release|x86
	EndGlobalSection
	GlobalSection(ProjectConfigurationPlatforms) = postSolution
		{315B042E-1D13-499F-A5A7-3FFE20C0BF2A}.Debug|x64.ActiveCfg = Debug|x64
		{315B042E-1D13-499F-A5A7-3FFE20C0BF2A}.Debug|x64.Build.0 = Debug|x64
		{315B042E-1D13-499F-A5A7-3FFE20C0BF2A}.Debug|x86.ActiveCfg = Debug|Win32
		{315B042E-1D13-499F-A5A7-3FFE20C0BF2A}.Debug|x86.Build.0 = Debug|Win32
		{315B042E-1D13-499F-A5A7-3FFE20C0BF2A}.Release|x64.ActiveCfg = Release|x64
		{315B042E-1D13-499F-A5A7-3FFE20C0BF2A}.Release|x64.Build.0 = Release|x64
		{315B042E-1D13-499F-A5A7-3FFE20C0BF2A}.Release|x86.ActiveCfg = Release|Win32
		{315B042E-1D13-499F-A5A7-3FFE20C0BF2A}.Release|x86.Build.0 = Release|Win32
	EndGlobalSection
	GlobalSection(SolutionProperties) = preSolution
		HideSolutionNode = FALSE
	EndGlobalSection
	GlobalSection(ExtensibilityGlobals) = postSolution
		SolutionGuid = {A6CB3E2A-B12E-459E-B716-88BC1C2DFC5B}
	EndGlobalSection
EndGlobal
